
Microsoft Visual Studio Solution File, Format Version 12.00
Project("{FAE04EC0-301F-11D3-BF4B-00C04F79EFBC}") = "DeviantArt.Net", "DeviantArt.Net\DeviantArt.Net.csproj", "{5096634D-646D-422C-8B83-74B850BE23DB}"
EndProject
Global
	GlobalSection(SolutionConfigurationPlatforms) = preSolution
		Debug|Any CPU = Debug|Any CPU
		Release|Any CPU = Release|Any CPU
	EndGlobalSection
	GlobalSection(ProjectConfigurationPlatforms) = postSolution
		{5096634D-646D-422C-8B83-74B850BE23DB}.Debug|Any CPU.ActiveCfg = Debug|Any CPU
		{5096634D-646D-422C-8B83-74B850BE23DB}.Debug|Any CPU.Build.0 = Debug|Any CPU
		{5096634D-646D-422C-8B83-74B850BE23DB}.Release|Any CPU.ActiveCfg = Release|Any CPU
		{5096634D-646D-422C-8B83-74B850BE23DB}.Release|Any CPU.Build.0 = Release|Any CPU
	EndGlobalSection
EndGlobal
